
Microsoft Visual Studio Solution File, Format Version 12.00
# Visual Studio 15
VisualStudioVersion = 15.0.27130.2010
MinimumVisualStudioVersion = 10.0.40219.1
Project("{FAE04EC0-301F-11D3-BF4B-00C04F79EFBC}") = "MailNotification", "MailNotification\MailNotification.csproj", "{76CAD9AF-1F68-48C9-834D-6CA94A93842E}"
EndProject
Global
	GlobalSection(SolutionConfigurationPlatforms) = preSolution
		Debug|Any CPU = Debug|Any CPU
		Release|Any CPU = Release|Any CPU
	EndGlobalSection
	GlobalSection(ProjectConfigurationPlatforms) = postSolution
		{76CAD9AF-1F68-48C9-834D-6CA94A93842E}.Debug|Any CPU.ActiveCfg = Debug|Any CPU
		{76CAD9AF-1F68-48C9-834D-6CA94A93842E}.Debug|Any CPU.Build.0 = Debug|Any CPU
		{76CAD9AF-1F68-48C9-834D-6CA94A93842E}.Release|Any CPU.ActiveCfg = Release|Any CPU
		{76CAD9AF-1F68-48C9-834D-6CA94A93842E}.Release|Any CPU.Build.0 = Release|Any CPU
	EndGlobalSection
	GlobalSection(SolutionProperties) = preSolution
		HideSolutionNode = FALSE
	EndGlobalSection
	GlobalSection(ExtensibilityGlobals) = postSolution
		SolutionGuid = {440ADCC4-A554-40D1-8575-F9985F6F474C}
	EndGlobalSection
EndGlobal
